
Microsoft Visual Studio Solution File, Format Version 12.00
# Visual Studio 14
VisualStudioVersion = 14.0.25123.0
MinimumVisualStudioVersion = 10.0.40219.1
Project("{FAE04EC0-301F-11D3-BF4B-00C04F79EFBC}") = "Analis200", "Analis200\Analis200.csproj", "{AF4E648B-31E7-4C77-BEC3-927B1F6D1AA8}"
EndProject
Project("{54435603-DBB4-11D2-8724-00A0C9A8B90C}") = "Setup2", "Setup2\Setup2.vdproj", "{AFAF06E7-A380-4BFF-AF5A-C68FF6AADCBC}"
EndProject
Project("{54435603-DBB4-11D2-8724-00A0C9A8B90C}") = "Setup2x68x68", "Setup2x68\Setup2x68.vdproj", "{E7E23278-1CB0-4B37-912C-AFA43B8303D5}"
EndProject
Global
	GlobalSection(SolutionConfigurationPlatforms) = preSolution
		Debug|Any CPU = Debug|Any CPU
		Debug|x64 = Debug|x64
		Debug|x86 = Debug|x86
		Release|Any CPU = Release|Any CPU
		Release|x64 = Release|x64
		Release|x86 = Release|x86
	EndGlobalSection
	GlobalSection(ProjectConfigurationPlatforms) = postSolution
		{AF4E648B-31E7-4C77-BEC3-927B1F6D1AA8}.Debug|Any CPU.ActiveCfg = Debug|Any CPU
		{AF4E648B-31E7-4C77-BEC3-927B1F6D1AA8}.Debug|Any CPU.Build.0 = Debug|Any CPU
		{AF4E648B-31E7-4C77-BEC3-927B1F6D1AA8}.Debug|x64.ActiveCfg = Debug|x64
		{AF4E648B-31E7-4C77-BEC3-927B1F6D1AA8}.Debug|x64.Build.0 = Debug|x64
		{AF4E648B-31E7-4C77-BEC3-927B1F6D1AA8}.Debug|x86.ActiveCfg = Debug|x86
		{AF4E648B-31E7-4C77-BEC3-927B1F6D1AA8}.Debug|x86.Build.0 = Debug|x86
		{AF4E648B-31E7-4C77-BEC3-927B1F6D1AA8}.Release|Any CPU.ActiveCfg = Release|x64
		{AF4E648B-31E7-4C77-BEC3-927B1F6D1AA8}.Release|Any CPU.Build.0 = Release|x64
		{AF4E648B-31E7-4C77-BEC3-927B1F6D1AA8}.Release|x64.ActiveCfg = Release|x64
		{AF4E648B-31E7-4C77-BEC3-927B1F6D1AA8}.Release|x64.Build.0 = Release|x64
		{AF4E648B-31E7-4C77-BEC3-927B1F6D1AA8}.Release|x86.ActiveCfg = Release|x86
		{AF4E648B-31E7-4C77-BEC3-927B1F6D1AA8}.Release|x86.Build.0 = Release|x86
		{AF4E648B-31E7-4C77-BEC3-927B1F6D1AA8}.Release|x86.Deploy.0 = Release|x86
		{AFAF06E7-A380-4BFF-AF5A-C68FF6AADCBC}.Debug|Any CPU.ActiveCfg = Debug
		{AFAF06E7-A380-4BFF-AF5A-C68FF6AADCBC}.Debug|x64.ActiveCfg = Debug
		{AFAF06E7-A380-4BFF-AF5A-C68FF6AADCBC}.Debug|x86.ActiveCfg = Debug
		{AFAF06E7-A380-4BFF-AF5A-C68FF6AADCBC}.Release|Any CPU.ActiveCfg = Release
		{AFAF06E7-A380-4BFF-AF5A-C68FF6AADCBC}.Release|x64.ActiveCfg = Release
		{AFAF06E7-A380-4BFF-AF5A-C68FF6AADCBC}.Release|x86.ActiveCfg = Release
		{E7E23278-1CB0-4B37-912C-AFA43B8303D5}.Debug|Any CPU.ActiveCfg = Debug
		{E7E23278-1CB0-4B37-912C-AFA43B8303D5}.Debug|Any CPU.Build.0 = Debug
		{E7E23278-1CB0-4B37-912C-AFA43B8303D5}.Debug|x64.ActiveCfg = Debug
		{E7E23278-1CB0-4B37-912C-AFA43B8303D5}.Debug|x64.Build.0 = Debug
		{E7E23278-1CB0-4B37-912C-AFA43B8303D5}.Debug|x86.ActiveCfg = Debug
		{E7E23278-1CB0-4B37-912C-AFA43B8303D5}.Debug|x86.Build.0 = Debug
		{E7E23278-1CB0-4B37-912C-AFA43B8303D5}.Release|Any CPU.ActiveCfg = Release
		{E7E23278-1CB0-4B37-912C-AFA43B8303D5}.Release|Any CPU.Build.0 = Release
		{E7E23278-1CB0-4B37-912C-AFA43B8303D5}.Release|x64.ActiveCfg = Release
		{E7E23278-1CB0-4B37-912C-AFA43B8303D5}.Release|x64.Build.0 = Release
		{E7E23278-1CB0-4B37-912C-AFA43B8303D5}.Release|x86.ActiveCfg = Release
		{E7E23278-1CB0-4B37-912C-AFA43B8303D5}.Release|x86.Build.0 = Release
	EndGlobalSection
	GlobalSection(SolutionProperties) = preSolution
		HideSolutionNode = FALSE
	EndGlobalSection
EndGlobal
